
Microsoft Visual Studio Solution File, Format Version 12.00
# Visual Studio 15
VisualStudioVersion = 15.0.28307.489
MinimumVisualStudioVersion = 10.0.40219.1
Project("{FAE04EC0-301F-11D3-BF4B-00C04F79EFBC}") = "RPS", "RPS\RPS.csproj", "{143BDCE7-7550-495F-AD2D-56E5251C464C}"
EndProject
Project("{FAE04EC0-301F-11D3-BF4B-00C04F79EFBC}") = "UnitTestProject1", "UnitTestProject1\UnitTestProject1.csproj", "{20F8D755-6DEF-49A6-AF7A-4EB1C8F66157}"
EndProject
Global
	GlobalSection(SolutionConfigurationPlatforms) = preSolution
		Debug|Any CPU = Debug|Any CPU
		Release|Any CPU = Release|Any CPU
	EndGlobalSection
	GlobalSection(ProjectConfigurationPlatforms) = postSolution
		{143BDCE7-7550-495F-AD2D-56E5251C464C}.Debug|Any CPU.ActiveCfg = Debug|Any CPU
		{143BDCE7-7550-495F-AD2D-56E5251C464C}.Debug|Any CPU.Build.0 = Debug|Any CPU
		{143BDCE7-7550-495F-AD2D-56E5251C464C}.Release|Any CPU.ActiveCfg = Release|Any CPU
		{143BDCE7-7550-495F-AD2D-56E5251C464C}.Release|Any CPU.Build.0 = Release|Any CPU
		{20F8D755-6DEF-49A6-AF7A-4EB1C8F66157}.Debug|Any CPU.ActiveCfg = Debug|Any CPU
		{20F8D755-6DEF-49A6-AF7A-4EB1C8F66157}.Debug|Any CPU.Build.0 = Debug|Any CPU
		{20F8D755-6DEF-49A6-AF7A-4EB1C8F66157}.Release|Any CPU.ActiveCfg = Release|Any CPU
		{20F8D755-6DEF-49A6-AF7A-4EB1C8F66157}.Release|Any CPU.Build.0 = Release|Any CPU
	EndGlobalSection
	GlobalSection(SolutionProperties) = preSolution
		HideSolutionNode = FALSE
	EndGlobalSection
	GlobalSection(ExtensibilityGlobals) = postSolution
		SolutionGuid = {CE9DFDD9-9DC1-4FD4-9F53-AC3935E43941}
	EndGlobalSection
EndGlobal
